{
  "requires": true,
  "lockfileVersion": 1,
  "dependencies": {
    "circular-json": {
      "version": "0.5.9",
      "resolved": "https://registry.npmjs.org/circular-json/-/circular-json-0.5.9.tgz",
      "integrity": "sha512-4ivwqHpIFJZBuhN3g/pEcdbnGUywkBblloGbkglyloVjjR3uT6tieI89MVOfbP2tHX5sgb01FuLgAOzebNlJNQ=="
    },
    "lodash.merge": {
      "version": "4.6.1",
      "resolved": "https://registry.npmjs.org/lodash.merge/-/lodash.merge-4.6.1.tgz",
      "integrity": "sha512-AOYza4+Hf5z1/0Hztxpm2/xiPZgi/cjMqdnKTUWTBSKchJlxXXuUSxCCl8rJlf4g6yww/j6mA8nC8Hw/EZWxKQ=="
    },
    "vuex": {
      "version": "3.1.0",
      "resolved": "https://registry.npmjs.org/vuex/-/vuex-3.1.0.tgz",
      "integrity": "sha512-mdHeHT/7u4BncpUZMlxNaIdcN/HIt1GsGG5LKByArvYG/v6DvHcOxvDCts+7SRdCoIRGllK8IMZvQtQXLppDYg=="
    },
    "vuex-persist": {
      "version": "2.0.0",
      "resolved": "https://registry.npmjs.org/vuex-persist/-/vuex-persist-2.0.0.tgz",
      "integrity": "sha512-BG5iOlthnXBCMp1tZpUTc/pvn+81fyEwx+1sYar1ktEZukbGHEsB5yIAydXeoWxUW416oj4/2Qfjrd/noqkoxQ==",
      "requires": {
        "circular-json": "^0.5.5",
        "lodash.merge": "^4.6.1"
      }
    }
  }
}
